// !$*UTF8*$!
{
	archiveVersion = 1;
	classes = {
	};
	objectVersion = 50;
	objects = {

/* Begin PBXBuildFile section */
		0DC40C7621FD72E600A8E681 /* Singleton.swift in Sources */ = {isa = PBXBuildFile; fileRef = 0DC40C7521FD72E600A8E681 /* Singleton.swift */; };
		4321A30744EAF550449B9F65 /* Pods_iOSCodingChallenge.framework in Frameworks */ = {isa = PBXBuildFile; fileRef = 304A0B0B1176858B3D6FB6C0 /* Pods_iOSCodingChallenge.framework */; };
		9A0EEB4A21FC9850000E5EF0 /* VehicleListViewController.m in Sources */ = {isa = PBXBuildFile; fileRef = 9A0EEB4921FC9850000E5EF0 /* VehicleListViewController.m */; };
		9A0EEB4F21FCBE06000E5EF0 /* Coordinate.m in Sources */ = {isa = PBXBuildFile; fileRef = 9A0EEB4E21FCBE06000E5EF0 /* Coordinate.m */; };
		9A0EEB5221FCC00A000E5EF0 /* Vehicle.m in Sources */ = {isa = PBXBuildFile; fileRef = 9A0EEB5121FCC00A000E5EF0 /* Vehicle.m */; };
		9A0EEB5621FCF194000E5EF0 /* VehicleListCell.xib in Resources */ = {isa = PBXBuildFile; fileRef = 9A0EEB5521FCF194000E5EF0 /* VehicleListCell.xib */; };
		9A0EEB5921FCF20A000E5EF0 /* VehicleListCell.m in Sources */ = {isa = PBXBuildFile; fileRef = 9A0EEB5821FCF20A000E5EF0 /* VehicleListCell.m */; };
		9A0EEB5C21FD0BF5000E5EF0 /* VehicleViewModel.m in Sources */ = {isa = PBXBuildFile; fileRef = 9A0EEB5B21FD0BF5000E5EF0 /* VehicleViewModel.m */; };
		9AF4FE6421FB61E4006DDD17 /* AppDelegate.swift in Sources */ = {isa = PBXBuildFile; fileRef = 9AF4FE6321FB61E4006DDD17 /* AppDelegate.swift */; };
		9AF4FE6B21FB61E4006DDD17 /* Main.storyboard in Resources */ = {isa = PBXBuildFile; fileRef = 9AF4FE6921FB61E4006DDD17 /* Main.storyboard */; };
		9AF4FE6D21FB61E8006DDD17 /* Assets.xcassets in Resources */ = {isa = PBXBuildFile; fileRef = 9AF4FE6C21FB61E8006DDD17 /* Assets.xcassets */; };
		9AF4FE7021FB61E8006DDD17 /* LaunchScreen.storyboard in Resources */ = {isa = PBXBuildFile; fileRef = 9AF4FE6E21FB61E8006DDD17 /* LaunchScreen.storyboard */; };
		9AF4FE7B21FB61E8006DDD17 /* iOSCodingChallengeTests.swift in Sources */ = {isa = PBXBuildFile; fileRef = 9AF4FE7A21FB61E8006DDD17 /* iOSCodingChallengeTests.swift */; };
		9AF4FE8621FB6236006DDD17 /* VehicleViewController.swift in Sources */ = {isa = PBXBuildFile; fileRef = 9AF4FE8521FB6236006DDD17 /* VehicleViewController.swift */; };
		9AF4FE8821FB6247006DDD17 /* MapViewController.swift in Sources */ = {isa = PBXBuildFile; fileRef = 9AF4FE8721FB6247006DDD17 /* MapViewController.swift */; };
		9AF4FE9021FB6AC3006DDD17 /* Constants.swift in Sources */ = {isa = PBXBuildFile; fileRef = 9AF4FE8F21FB6AC3006DDD17 /* Constants.swift */; };
		9AF4FE9221FB71D5006DDD17 /* NetworkManager.swift in Sources */ = {isa = PBXBuildFile; fileRef = 9AF4FE9121FB71D5006DDD17 /* NetworkManager.swift */; };
		9AF4FE9421FB7651006DDD17 /* VehicleMapViewModel.swift in Sources */ = {isa = PBXBuildFile; fileRef = 9AF4FE9321FB7651006DDD17 /* VehicleMapViewModel.swift */; };
		9AF4FE9821FB81A5006DDD17 /* Default-568h@2x.png in Resources */ = {isa = PBXBuildFile; fileRef = 9AF4FE9721FB81A5006DDD17 /* Default-568h@2x.png */; };
		A45218D13493BF7D8788DAC1 /* Pods_iOSCodingChallengeTests.framework in Frameworks */ = {isa = PBXBuildFile; fileRef = DF0BFB649CEC8FD7AEBDB31C /* Pods_iOSCodingChallengeTests.framework */; };
/* End PBXBuildFile section */

/* Begin PBXContainerItemProxy section */
		9AF4FE7721FB61E8006DDD17 /* PBXContainerItemProxy */ = {
			isa = PBXContainerItemProxy;
			containerPortal = 9AF4FE5821FB61E4006DDD17 /* Project object */;
			proxyType = 1;
			remoteGlobalIDString = 9AF4FE5F21FB61E4006DDD17;
			remoteInfo = iOSCodingChallenge;
		};
/* End PBXContainerItemProxy section */

/* Begin PBXFileReference section */
		0DC40C7521FD72E600A8E681 /* Singleton.swift */ = {isa = PBXFileReference; lastKnownFileType = sourcecode.swift; path = Singleton.swift; sourceTree = "<group>"; };
		1E8BC0F2FBFDD6F5C79FCC86 /* Pods-iOSCodingChallengeTests.release.xcconfig */ = {isa = PBXFileReference; includeInIndex = 1; lastKnownFileType = text.xcconfig; name = "Pods-iOSCodingChallengeTests.release.xcconfig"; path = "Pods/Target Support Files/Pods-iOSCodingChallengeTests/Pods-iOSCodingChallengeTests.release.xcconfig"; sourceTree = "<group>"; };
		2A463B659F88DCC9B233CF6B /* Pods-iOSCodingChallenge.debug.xcconfig */ = {isa = PBXFileReference; includeInIndex = 1; lastKnownFileType = text.xcconfig; name = "Pods-iOSCodingChallenge.debug.xcconfig"; path = "Pods/Target Support Files/Pods-iOSCodingChallenge/Pods-iOSCodingChallenge.debug.xcconfig"; sourceTree = "<group>"; };
		304A0B0B1176858B3D6FB6C0 /* Pods_iOSCodingChallenge.framework */ = {isa = PBXFileReference; explicitFileType = wrapper.framework; includeInIndex = 0; path = Pods_iOSCodingChallenge.framework; sourceTree = BUILT_PRODUCTS_DIR; };
		77A82EFAA9113C16B0018963 /* Pods-iOSCodingChallengeTests.debug.xcconfig */ = {isa = PBXFileReference; includeInIndex = 1; lastKnownFileType = text.xcconfig; name = "Pods-iOSCodingChallengeTests.debug.xcconfig"; path = "Pods/Target Support Files/Pods-iOSCodingChallengeTests/Pods-iOSCodingChallengeTests.debug.xcconfig"; sourceTree = "<group>"; };
		9A0EEB4821FC9850000E5EF0 /* VehicleListViewController.h */ = {isa = PBXFileReference; lastKnownFileType = sourcecode.c.h; path = VehicleListViewController.h; sourceTree = "<group>"; };
		9A0EEB4921FC9850000E5EF0 /* VehicleListViewController.m */ = {isa = PBXFileReference; lastKnownFileType = sourcecode.c.objc; path = VehicleListViewController.m; sourceTree = "<group>"; };
		9A0EEB4B21FC9884000E5EF0 /* iOSCodingChallenge-Bridging-Header.h */ = {isa = PBXFileReference; lastKnownFileType = sourcecode.c.h; path = "iOSCodingChallenge-Bridging-Header.h"; sourceTree = "<group>"; };
		9A0EEB4D21FCBE06000E5EF0 /* Coordinate.h */ = {isa = PBXFileReference; lastKnownFileType = sourcecode.c.h; path = Coordinate.h; sourceTree = "<group>"; };
		9A0EEB4E21FCBE06000E5EF0 /* Coordinate.m */ = {isa = PBXFileReference; lastKnownFileType = sourcecode.c.objc; path = Coordinate.m; sourceTree = "<group>"; };
		9A0EEB5021FCC00A000E5EF0 /* Vehicle.h */ = {isa = PBXFileReference; lastKnownFileType = sourcecode.c.h; path = Vehicle.h; sourceTree = "<group>"; };
		9A0EEB5121FCC00A000E5EF0 /* Vehicle.m */ = {isa = PBXFileReference; lastKnownFileType = sourcecode.c.objc; path = Vehicle.m; sourceTree = "<group>"; };
		9A0EEB5521FCF194000E5EF0 /* VehicleListCell.xib */ = {isa = PBXFileReference; lastKnownFileType = file.xib; path = VehicleListCell.xib; sourceTree = "<group>"; };
		9A0EEB5721FCF20A000E5EF0 /* VehicleListCell.h */ = {isa = PBXFileReference; lastKnownFileType = sourcecode.c.h; path = VehicleListCell.h; sourceTree = "<group>"; };
		9A0EEB5821FCF20A000E5EF0 /* VehicleListCell.m */ = {isa = PBXFileReference; lastKnownFileType = sourcecode.c.objc; path = VehicleListCell.m; sourceTree = "<group>"; };
		9A0EEB5A21FD0BF5000E5EF0 /* VehicleViewModel.h */ = {isa = PBXFileReference; lastKnownFileType = sourcecode.c.h; path = VehicleViewModel.h; sourceTree = "<group>"; };
		9A0EEB5B21FD0BF5000E5EF0 /* VehicleViewModel.m */ = {isa = PBXFileReference; lastKnownFileType = sourcecode.c.objc; path = VehicleViewModel.m; sourceTree = "<group>"; };
		9AF4FE6021FB61E4006DDD17 /* iOSCodingChallenge.app */ = {isa = PBXFileReference; explicitFileType = wrapper.application; includeInIndex = 0; path = iOSCodingChallenge.app; sourceTree = BUILT_PRODUCTS_DIR; };
		9AF4FE6321FB61E4006DDD17 /* AppDelegate.swift */ = {isa = PBXFileReference; lastKnownFileType = sourcecode.swift; path = AppDelegate.swift; sourceTree = "<group>"; };
		9AF4FE6A21FB61E4006DDD17 /* Base */ = {isa = PBXFileReference; lastKnownFileType = file.storyboard; name = Base; path = Base.lproj/Main.storyboard; sourceTree = "<group>"; };
		9AF4FE6C21FB61E8006DDD17 /* Assets.xcassets */ = {isa = PBXFileReference; lastKnownFileType = folder.assetcatalog; path = Assets.xcassets; sourceTree = "<group>"; };
		9AF4FE6F21FB61E8006DDD17 /* Base */ = {isa = PBXFileReference; lastKnownFileType = file.storyboard; name = Base; path = Base.lproj/LaunchScreen.storyboard; sourceTree = "<group>"; };
		9AF4FE7121FB61E8006DDD17 /* Info.plist */ = {isa = PBXFileReference; lastKnownFileType = text.plist.xml; path = Info.plist; sourceTree = "<group>"; };
		9AF4FE7621FB61E8006DDD17 /* iOSCodingChallengeTests.xctest */ = {isa = PBXFileReference; explicitFileType = wrapper.cfbundle; includeInIndex = 0; path = iOSCodingChallengeTests.xctest; sourceTree = BUILT_PRODUCTS_DIR; };
		9AF4FE7A21FB61E8006DDD17 /* iOSCodingChallengeTests.swift */ = {isa = PBXFileReference; lastKnownFileType = sourcecode.swift; path = iOSCodingChallengeTests.swift; sourceTree = "<group>"; };
		9AF4FE7C21FB61E8006DDD17 /* Info.plist */ = {isa = PBXFileReference; lastKnownFileType = text.plist.xml; path = Info.plist; sourceTree = "<group>"; };
		9AF4FE8521FB6236006DDD17 /* VehicleViewController.swift */ = {isa = PBXFileReference; lastKnownFileType = sourcecode.swift; path = VehicleViewController.swift; sourceTree = "<group>"; };
		9AF4FE8721FB6247006DDD17 /* MapViewController.swift */ = {isa = PBXFileReference; lastKnownFileType = sourcecode.swift; path = MapViewController.swift; sourceTree = "<group>"; };
		9AF4FE8F21FB6AC3006DDD17 /* Constants.swift */ = {isa = PBXFileReference; lastKnownFileType = sourcecode.swift; path = Constants.swift; sourceTree = "<group>"; };
		9AF4FE9121FB71D5006DDD17 /* NetworkManager.swift */ = {isa = PBXFileReference; lastKnownFileType = sourcecode.swift; path = NetworkManager.swift; sourceTree = "<group>"; };
		9AF4FE9321FB7651006DDD17 /* VehicleMapViewModel.swift */ = {isa = PBXFileReference; lastKnownFileType = sourcecode.swift; path = VehicleMapViewModel.swift; sourceTree = "<group>"; };
		9AF4FE9721FB81A5006DDD17 /* Default-568h@2x.png */ = {isa = PBXFileReference; lastKnownFileType = image.png; path = "Default-568h@2x.png"; sourceTree = "<group>"; };
		CD7F0AF878C1ECC32B1EF57E /* Pods-iOSCodingChallenge.release.xcconfig */ = {isa = PBXFileReference; includeInIndex = 1; lastKnownFileType = text.xcconfig; name = "Pods-iOSCodingChallenge.release.xcconfig"; path = "Pods/Target Support Files/Pods-iOSCodingChallenge/Pods-iOSCodingChallenge.release.xcconfig"; sourceTree = "<group>"; };
		DF0BFB649CEC8FD7AEBDB31C /* Pods_iOSCodingChallengeTests.framework */ = {isa = PBXFileReference; explicitFileType = wrapper.framework; includeInIndex = 0; path = Pods_iOSCodingChallengeTests.framework; sourceTree = BUILT_PRODUCTS_DIR; };
/* End PBXFileReference section */

/* Begin PBXFrameworksBuildPhase section */
		9AF4FE5D21FB61E4006DDD17 /* Frameworks */ = {
			isa = PBXFrameworksBuildPhase;
			buildActionMask = 2147483647;
			files = (
				4321A30744EAF550449B9F65 /* Pods_iOSCodingChallenge.framework in Frameworks */,
			);
			runOnlyForDeploymentPostprocessing = 0;
		};
		9AF4FE7321FB61E8006DDD17 /* Frameworks */ = {
			isa = PBXFrameworksBuildPhase;
			buildActionMask = 2147483647;
			files = (
				A45218D13493BF7D8788DAC1 /* Pods_iOSCodingChallengeTests.framework in Frameworks */,
			);
			runOnlyForDeploymentPostprocessing = 0;
		};
/* End PBXFrameworksBuildPhase section */

/* Begin PBXGroup section */
		3B730658745CE64B2FB2FD89 /* Frameworks */ = {
			isa = PBXGroup;
			children = (
				304A0B0B1176858B3D6FB6C0 /* Pods_iOSCodingChallenge.framework */,
				DF0BFB649CEC8FD7AEBDB31C /* Pods_iOSCodingChallengeTests.framework */,
			);
			name = Frameworks;
			sourceTree = "<group>";
		};
		9AF4FE5721FB61E4006DDD17 = {
			isa = PBXGroup;
			children = (
				9AF4FE6221FB61E4006DDD17 /* iOSCodingChallenge */,
				9AF4FE7921FB61E8006DDD17 /* iOSCodingChallengeTests */,
				9AF4FE6121FB61E4006DDD17 /* Products */,
				C8E54CE51392E2FF9926133E /* Pods */,
				3B730658745CE64B2FB2FD89 /* Frameworks */,
			);
			sourceTree = "<group>";
		};
		9AF4FE6121FB61E4006DDD17 /* Products */ = {
			isa = PBXGroup;
			children = (
				9AF4FE6021FB61E4006DDD17 /* iOSCodingChallenge.app */,
				9AF4FE7621FB61E8006DDD17 /* iOSCodingChallengeTests.xctest */,
			);
			name = Products;
			sourceTree = "<group>";
		};
		9AF4FE6221FB61E4006DDD17 /* iOSCodingChallenge */ = {
			isa = PBXGroup;
			children = (
				9AF4FE8D21FB6A22006DDD17 /* AppDelegate */,
				9AF4FE8C21FB6965006DDD17 /* Controllers */,
				9AF4FE8E21FB6A39006DDD17 /* Resources */,
				9AF4FE8921FB651C006DDD17 /* ViewModel */,
				9AF4FE8B21FB6537006DDD17 /* Model */,
				9AF4FE8A21FB652B006DDD17 /* View */,
			);
			path = iOSCodingChallenge;
			sourceTree = "<group>";
		};
		9AF4FE7921FB61E8006DDD17 /* iOSCodingChallengeTests */ = {
			isa = PBXGroup;
			children = (
				9AF4FE7A21FB61E8006DDD17 /* iOSCodingChallengeTests.swift */,
				9AF4FE7C21FB61E8006DDD17 /* Info.plist */,
			);
			path = iOSCodingChallengeTests;
			sourceTree = "<group>";
		};
		9AF4FE8921FB651C006DDD17 /* ViewModel */ = {
			isa = PBXGroup;
			children = (
				9AF4FE9121FB71D5006DDD17 /* NetworkManager.swift */,
				9A0EEB5721FCF20A000E5EF0 /* VehicleListCell.h */,
				9A0EEB5821FCF20A000E5EF0 /* VehicleListCell.m */,
				9A0EEB5A21FD0BF5000E5EF0 /* VehicleViewModel.h */,
				9A0EEB5B21FD0BF5000E5EF0 /* VehicleViewModel.m */,
			);
			path = ViewModel;
			sourceTree = "<group>";
		};
		9AF4FE8A21FB652B006DDD17 /* View */ = {
			isa = PBXGroup;
			children = (
				9AF4FE6921FB61E4006DDD17 /* Main.storyboard */,
				9AF4FE6E21FB61E8006DDD17 /* LaunchScreen.storyboard */,
				9A0EEB5521FCF194000E5EF0 /* VehicleListCell.xib */,
			);
			path = View;
			sourceTree = "<group>";
		};
		9AF4FE8B21FB6537006DDD17 /* Model */ = {
			isa = PBXGroup;
			children = (
				9A0EEB4D21FCBE06000E5EF0 /* Coordinate.h */,
				9A0EEB4E21FCBE06000E5EF0 /* Coordinate.m */,
				9A0EEB5021FCC00A000E5EF0 /* Vehicle.h */,
				9A0EEB5121FCC00A000E5EF0 /* Vehicle.m */,
				9AF4FE9321FB7651006DDD17 /* VehicleMapViewModel.swift */,
			);
			path = Model;
			sourceTree = "<group>";
		};
		9AF4FE8C21FB6965006DDD17 /* Controllers */ = {
			isa = PBXGroup;
			children = (
				9AF4FE8521FB6236006DDD17 /* VehicleViewController.swift */,
				9AF4FE8721FB6247006DDD17 /* MapViewController.swift */,
				9A0EEB4821FC9850000E5EF0 /* VehicleListViewController.h */,
				9A0EEB4921FC9850000E5EF0 /* VehicleListViewController.m */,
				9A0EEB4B21FC9884000E5EF0 /* iOSCodingChallenge-Bridging-Header.h */,
			);
			path = Controllers;
			sourceTree = "<group>";
		};
		9AF4FE8D21FB6A22006DDD17 /* AppDelegate */ = {
			isa = PBXGroup;
			children = (
				9AF4FE6321FB61E4006DDD17 /* AppDelegate.swift */,
			);
			path = AppDelegate;
			sourceTree = "<group>";
		};
		9AF4FE8E21FB6A39006DDD17 /* Resources */ = {
			isa = PBXGroup;
			children = (
				9AF4FE6C21FB61E8006DDD17 /* Assets.xcassets */,
				9AF4FE9721FB81A5006DDD17 /* Default-568h@2x.png */,
				9AF4FE7121FB61E8006DDD17 /* Info.plist */,
				9AF4FE8F21FB6AC3006DDD17 /* Constants.swift */,
				0DC40C7521FD72E600A8E681 /* Singleton.swift */,
			);
			path = Resources;
			sourceTree = "<group>";
		};
		C8E54CE51392E2FF9926133E /* Pods */ = {
			isa = PBXGroup;
			children = (
				2A463B659F88DCC9B233CF6B /* Pods-iOSCodingChallenge.debug.xcconfig */,
				CD7F0AF878C1ECC32B1EF57E /* Pods-iOSCodingChallenge.release.xcconfig */,
				77A82EFAA9113C16B0018963 /* Pods-iOSCodingChallengeTests.debug.xcconfig */,
				1E8BC0F2FBFDD6F5C79FCC86 /* Pods-iOSCodingChallengeTests.release.xcconfig */,
			);
			name = Pods;
			sourceTree = "<group>";
		};
/* End PBXGroup section */

/* Begin PBXNativeTarget section */
		9AF4FE5F21FB61E4006DDD17 /* iOSCodingChallenge */ = {
			isa = PBXNativeTarget;
			buildConfigurationList = 9AF4FE7F21FB61E8006DDD17 /* Build configuration list for PBXNativeTarget "iOSCodingChallenge" */;
			buildPhases = (
				8006C4ABA2826D355E224222 /* [CP] Check Pods Manifest.lock */,
				9AF4FE5C21FB61E4006DDD17 /* Sources */,
				9AF4FE5D21FB61E4006DDD17 /* Frameworks */,
				9AF4FE5E21FB61E4006DDD17 /* Resources */,
				7E3F1A539D7F6C3D3594F2A5 /* [CP] Embed Pods Frameworks */,
			);
			buildRules = (
			);
			dependencies = (
			);
			name = iOSCodingChallenge;
			productName = iOSCodingChallenge;
			productReference = 9AF4FE6021FB61E4006DDD17 /* iOSCodingChallenge.app */;
			productType = "com.apple.product-type.application";
		};
		9AF4FE7521FB61E8006DDD17 /* iOSCodingChallengeTests */ = {
			isa = PBXNativeTarget;
			buildConfigurationList = 9AF4FE8221FB61E8006DDD17 /* Build configuration list for PBXNativeTarget "iOSCodingChallengeTests" */;
			buildPhases = (
				4818C700635D4CA251A90682 /* [CP] Check Pods Manifest.lock */,
				9AF4FE7221FB61E8006DDD17 /* Sources */,
				9AF4FE7321FB61E8006DDD17 /* Frameworks */,
				9AF4FE7421FB61E8006DDD17 /* Resources */,
			);
			buildRules = (
			);
			dependencies = (
				9AF4FE7821FB61E8006DDD17 /* PBXTargetDependency */,
			);
			name = iOSCodingChallengeTests;
			productName = iOSCodingChallengeTests;
			productReference = 9AF4FE7621FB61E8006DDD17 /* iOSCodingChallengeTests.xctest */;
			productType = "com.apple.product-type.bundle.unit-test";
		};
/* End PBXNativeTarget section */

/* Begin PBXProject section */
		9AF4FE5821FB61E4006DDD17 /* Project object */ = {
			isa = PBXProject;
			attributes = {
				LastSwiftUpdateCheck = 1010;
				LastUpgradeCheck = 1010;
				ORGANIZATIONNAME = Emon;
				TargetAttributes = {
					9AF4FE5F21FB61E4006DDD17 = {
						CreatedOnToolsVersion = 10.1;
						LastSwiftMigration = 1010;
						SystemCapabilities = {
							com.apple.BackgroundModes = {
								enabled = 1;
							};
						};
					};
					9AF4FE7521FB61E8006DDD17 = {
						CreatedOnToolsVersion = 10.1;
						TestTargetID = 9AF4FE5F21FB61E4006DDD17;
					};
				};
			};
			buildConfigurationList = 9AF4FE5B21FB61E4006DDD17 /* Build configuration list for PBXProject "iOSCodingChallenge" */;
			compatibilityVersion = "Xcode 9.3";
			developmentRegion = en;
			hasScannedForEncodings = 0;
			knownRegions = (
				en,
				Base,
			);
			mainGroup = 9AF4FE5721FB61E4006DDD17;
			productRefGroup = 9AF4FE6121FB61E4006DDD17 /* Products */;
			projectDirPath = "";
			projectRoot = "";
			targets = (
				9AF4FE5F21FB61E4006DDD17 /* iOSCodingChallenge */,
				9AF4FE7521FB61E8006DDD17 /* iOSCodingChallengeTests */,
			);
		};
/* End PBXProject section */

/* Begin PBXResourcesBuildPhase section */
		9AF4FE5E21FB61E4006DDD17 /* Resources */ = {
			isa = PBXResourcesBuildPhase;
			buildActionMask = 2147483647;
			files = (
				9AF4FE7021FB61E8006DDD17 /* LaunchScreen.storyboard in Resources */,
				9AF4FE6D21FB61E8006DDD17 /* Assets.xcassets in Resources */,
				9AF4FE9821FB81A5006DDD17 /* Default-568h@2x.png in Resources */,
				9AF4FE6B21FB61E4006DDD17 /* Main.storyboard in Resources */,
				9A0EEB5621FCF194000E5EF0 /* VehicleListCell.xib in Resources */,
			);
			runOnlyForDeploymentPostprocessing = 0;
		};
		9AF4FE7421FB61E8006DDD17 /* Resources */ = {
			isa = PBXResourcesBuildPhase;
			buildActionMask = 2147483647;
			files = (
			);
			runOnlyForDeploymentPostprocessing = 0;
		};
/* End PBXResourcesBuildPhase section */

/* Begin PBXShellScriptBuildPhase section */
		4818C700635D4CA251A90682 /* [CP] Check Pods Manifest.lock */ = {
			isa = PBXShellScriptBuildPhase;
			buildActionMask = 2147483647;
			files = (
			);
			inputPaths = (
				"${PODS_PODFILE_DIR_PATH}/Podfile.lock",
				"${PODS_ROOT}/Manifest.lock",
			);
			name = "[CP] Check Pods Manifest.lock";
			outputPaths = (
				"$(DERIVED_FILE_DIR)/Pods-iOSCodingChallengeTests-checkManifestLockResult.txt",
			);
			runOnlyForDeploymentPostprocessing = 0;
			shellPath = /bin/sh;
			shellScript = "diff \"${PODS_PODFILE_DIR_PATH}/Podfile.lock\" \"${PODS_ROOT}/Manifest.lock\" > /dev/null\nif [ $? != 0 ] ; then\n    # print error to STDERR\n    echo \"error: The sandbox is not in sync with the Podfile.lock. Run 'pod install' or update your CocoaPods installation.\" >&2\n    exit 1\nfi\n# This output is used by Xcode 'outputs' to avoid re-running this script phase.\necho \"SUCCESS\" > \"${SCRIPT_OUTPUT_FILE_0}\"\n";
			showEnvVarsInLog = 0;
		};
		7E3F1A539D7F6C3D3594F2A5 /* [CP] Embed Pods Frameworks */ = {
			isa = PBXShellScriptBuildPhase;
			buildActionMask = 2147483647;
			files = (
			);
			inputPaths = (
				"${SRCROOT}/Pods/Target Support Files/Pods-iOSCodingChallenge/Pods-iOSCodingChallenge-frameworks.sh",
				"${BUILT_PRODUCTS_DIR}/MBProgressHUD/MBProgressHUD.framework",
			);
			name = "[CP] Embed Pods Frameworks";
			outputPaths = (
				"${TARGET_BUILD_DIR}/${FRAMEWORKS_FOLDER_PATH}/MBProgressHUD.framework",
			);
			runOnlyForDeploymentPostprocessing = 0;
			shellPath = /bin/sh;
			shellScript = "\"${SRCROOT}/Pods/Target Support Files/Pods-iOSCodingChallenge/Pods-iOSCodingChallenge-frameworks.sh\"\n";
			showEnvVarsInLog = 0;
		};
		8006C4ABA2826D355E224222 /* [CP] Check Pods Manifest.lock */ = {
			isa = PBXShellScriptBuildPhase;
			buildActionMask = 2147483647;
			files = (
			);
			inputPaths = (
				"${PODS_PODFILE_DIR_PATH}/Podfile.lock",
				"${PODS_ROOT}/Manifest.lock",
			);
			name = "[CP] Check Pods Manifest.lock";
			outputPaths = (
				"$(DERIVED_FILE_DIR)/Pods-iOSCodingChallenge-checkManifestLockResult.txt",
			);
			runOnlyForDeploymentPostprocessing = 0;
			shellPath = /bin/sh;
			shellScript = "diff \"${PODS_PODFILE_DIR_PATH}/Podfile.lock\" \"${PODS_ROOT}/Manifest.lock\" > /dev/null\nif [ $? != 0 ] ; then\n    # print error to STDERR\n    echo \"error: The sandbox is not in sync with the Podfile.lock. Run 'pod install' or update your CocoaPods installation.\" >&2\n    exit 1\nfi\n# This output is used by Xcode 'outputs' to avoid re-running this script phase.\necho \"SUCCESS\" > \"${SCRIPT_OUTPUT_FILE_0}\"\n";
			showEnvVarsInLog = 0;
		};
/* End PBXShellScriptBuildPhase section */

/* Begin PBXSourcesBuildPhase section */
		9AF4FE5C21FB61E4006DDD17 /* Sources */ = {
			isa = PBXSourcesBuildPhase;
			buildActionMask = 2147483647;
			files = (
				9AF4FE8621FB6236006DDD17 /* VehicleViewController.swift in Sources */,
				0DC40C7621FD72E600A8E681 /* Singleton.swift in Sources */,
				9AF4FE6421FB61E4006DDD17 /* AppDelegate.swift in Sources */,
				9A0EEB5921FCF20A000E5EF0 /* VehicleListCell.m in Sources */,
				9A0EEB5221FCC00A000E5EF0 /* Vehicle.m in Sources */,
				9AF4FE9221FB71D5006DDD17 /* NetworkManager.swift in Sources */,
				9A0EEB4A21FC9850000E5EF0 /* VehicleListViewController.m in Sources */,
				9A0EEB5C21FD0BF5000E5EF0 /* VehicleViewModel.m in Sources */,
				9AF4FE8821FB6247006DDD17 /* MapViewController.swift in Sources */,
				9AF4FE9421FB7651006DDD17 /* VehicleMapViewModel.swift in Sources */,
				9AF4FE9021FB6AC3006DDD17 /* Constants.swift in Sources */,
				9A0EEB4F21FCBE06000E5EF0 /* Coordinate.m in Sources */,
			);
			runOnlyForDeploymentPostprocessing = 0;
		};
		9AF4FE7221FB61E8006DDD17 /* Sources */ = {
			isa = PBXSourcesBuildPhase;
			buildActionMask = 2147483647;
			files = (
				9AF4FE7B21FB61E8006DDD17 /* iOSCodingChallengeTests.swift in Sources */,
			);
			runOnlyForDeploymentPostprocessing = 0;
		};
/* End PBXSourcesBuildPhase section */

/* Begin PBXTargetDependency section */
		9AF4FE7821FB61E8006DDD17 /* PBXTargetDependency */ = {
			isa = PBXTargetDependency;
			target = 9AF4FE5F21FB61E4006DDD17 /* iOSCodingChallenge */;
			targetProxy = 9AF4FE7721FB61E8006DDD17 /* PBXContainerItemProxy */;
		};
/* End PBXTargetDependency section */

/* Begin PBXVariantGroup section */
		9AF4FE6921FB61E4006DDD17 /* Main.storyboard */ = {
			isa = PBXVariantGroup;
			children = (
				9AF4FE6A21FB61E4006DDD17 /* Base */,
			);
			name = Main.storyboard;
			sourceTree = "<group>";
		};
		9AF4FE6E21FB61E8006DDD17 /* LaunchScreen.storyboard */ = {
			isa = PBXVariantGroup;
			children = (
				9AF4FE6F21FB61E8006DDD17 /* Base */,
			);
			name = LaunchScreen.storyboard;
			sourceTree = "<group>";
		};
/* End PBXVariantGroup section */

/* Begin XCBuildConfiguration section */
		9AF4FE7D21FB61E8006DDD17 /* Debug */ = {
			isa = XCBuildConfiguration;
			buildSettings = {
				ALWAYS_SEARCH_USER_PATHS = NO;
				CLANG_ANALYZER_NONNULL = YES;
				CLANG_ANALYZER_NUMBER_OBJECT_CONVERSION = YES_AGGRESSIVE;
				CLANG_CXX_LANGUAGE_STANDARD = "gnu++14";
				CLANG_CXX_LIBRARY = "libc++";
				CLANG_ENABLE_MODULES = YES;
				CLANG_ENABLE_OBJC_ARC = YES;
				CLANG_ENABLE_OBJC_WEAK = YES;
				CLANG_WARN_BLOCK_CAPTURE_AUTORELEASING = YES;
				CLANG_WARN_BOOL_CONVERSION = YES;
				CLANG_WARN_COMMA = YES;
				CLANG_WARN_CONSTANT_CONVERSION = YES;
				CLANG_WARN_DEPRECATED_OBJC_IMPLEMENTATIONS = YES;
				CLANG_WARN_DIRECT_OBJC_ISA_USAGE = YES_ERROR;
				CLANG_WARN_DOCUMENTATION_COMMENTS = YES;
				CLANG_WARN_EMPTY_BODY = YES;
				CLANG_WARN_ENUM_CONVERSION = YES;
				CLANG_WARN_INFINITE_RECURSION = YES;
				CLANG_WARN_INT_CONVERSION = YES;
				CLANG_WARN_NON_LITERAL_NULL_CONVERSION = YES;
				CLANG_WARN_OBJC_IMPLICIT_RETAIN_SELF = YES;
				CLANG_WARN_OBJC_LITERAL_CONVERSION = YES;
				CLANG_WARN_OBJC_ROOT_CLASS = YES_ERROR;
				CLANG_WARN_RANGE_LOOP_ANALYSIS = YES;
				CLANG_WARN_STRICT_PROTOTYPES = YES;
				CLANG_WARN_SUSPICIOUS_MOVE = YES;
				CLANG_WARN_UNGUARDED_AVAILABILITY = YES_AGGRESSIVE;
				CLANG_WARN_UNREACHABLE_CODE = YES;
				CLANG_WARN__DUPLICATE_METHOD_MATCH = YES;
				CODE_SIGN_IDENTITY = "iPhone Developer";
				COPY_PHASE_STRIP = NO;
				DEBUG_INFORMATION_FORMAT = dwarf;
				DEFINES_MODULE = YES;
				ENABLE_STRICT_OBJC_MSGSEND = YES;
				ENABLE_TESTABILITY = YES;
				GCC_C_LANGUAGE_STANDARD = gnu11;
				GCC_DYNAMIC_NO_PIC = NO;
				GCC_NO_COMMON_BLOCKS = YES;
				GCC_OPTIMIZATION_LEVEL = 0;
				GCC_PREPROCESSOR_DEFINITIONS = (
					"DEBUG=1",
					"$(inherited)",
				);
				GCC_WARN_64_TO_32_BIT_CONVERSION = YES;
				GCC_WARN_ABOUT_RETURN_TYPE = YES_ERROR;
				GCC_WARN_UNDECLARED_SELECTOR = YES;
				GCC_WARN_UNINITIALIZED_AUTOS = YES_AGGRESSIVE;
				GCC_WARN_UNUSED_FUNCTION = YES;
				GCC_WARN_UNUSED_VARIABLE = YES;
				IPHONEOS_DEPLOYMENT_TARGET = 12.1;
				MTL_ENABLE_DEBUG_INFO = INCLUDE_SOURCE;
				MTL_FAST_MATH = YES;
				ONLY_ACTIVE_ARCH = YES;
				OTHER_SWIFT_FLAGS = "";
				SDKROOT = iphoneos;
				SWIFT_ACTIVE_COMPILATION_CONDITIONS = DEBUG;
				SWIFT_OPTIMIZATION_LEVEL = "-Onone";
			};
			name = Debug;
		};
		9AF4FE7E21FB61E8006DDD17 /* Release */ = {
			isa = XCBuildConfiguration;
			buildSettings = {
				ALWAYS_SEARCH_USER_PATHS = NO;
				CLANG_ANALYZER_NONNULL = YES;
				CLANG_ANALYZER_NUMBER_OBJECT_CONVERSION = YES_AGGRESSIVE;
				CLANG_CXX_LANGUAGE_STANDARD = "gnu++14";
				CLANG_CXX_LIBRARY = "libc++";
				CLANG_ENABLE_MODULES = YES;
				CLANG_ENABLE_OBJC_ARC = YES;
				CLANG_ENABLE_OBJC_WEAK = YES;
				CLANG_WARN_BLOCK_CAPTURE_AUTORELEASING = YES;
				CLANG_WARN_BOOL_CONVERSION = YES;
				CLANG_WARN_COMMA = YES;
				CLANG_WARN_CONSTANT_CONVERSION = YES;
				CLANG_WARN_DEPRECATED_OBJC_IMPLEMENTATIONS = YES;
				CLANG_WARN_DIRECT_OBJC_ISA_USAGE = YES_ERROR;
				CLANG_WARN_DOCUMENTATION_COMMENTS = YES;
				CLANG_WARN_EMPTY_BODY = YES;
				CLANG_WARN_ENUM_CONVERSION = YES;
				CLANG_WARN_INFINITE_RECURSION = YES;
				CLANG_WARN_INT_CONVERSION = YES;
				CLANG_WARN_NON_LITERAL_NULL_CONVERSION = YES;
				CLANG_WARN_OBJC_IMPLICIT_RETAIN_SELF = YES;
				CLANG_WARN_OBJC_LITERAL_CONVERSION = YES;
				CLANG_WARN_OBJC_ROOT_CLASS = YES_ERROR;
				CLANG_WARN_RANGE_LOOP_ANALYSIS = YES;
				CLANG_WARN_STRICT_PROTOTYPES = YES;
				CLANG_WARN_SUSPICIOUS_MOVE = YES;
				CLANG_WARN_UNGUARDED_AVAILABILITY = YES_AGGRESSIVE;
				CLANG_WARN_UNREACHABLE_CODE = YES;
				CLANG_WARN__DUPLICATE_METHOD_MATCH = YES;
				CODE_SIGN_IDENTITY = "iPhone Developer";
				COPY_PHASE_STRIP = NO;
				DEBUG_INFORMATION_FORMAT = "dwarf-with-dsym";
				DEFINES_MODULE = YES;
				ENABLE_NS_ASSERTIONS = NO;
				ENABLE_STRICT_OBJC_MSGSEND = YES;
				GCC_C_LANGUAGE_STANDARD = gnu11;
				GCC_NO_COMMON_BLOCKS = YES;
				GCC_WARN_64_TO_32_BIT_CONVERSION = YES;
				GCC_WARN_ABOUT_RETURN_TYPE = YES_ERROR;
				GCC_WARN_UNDECLARED_SELECTOR = YES;
				GCC_WARN_UNINITIALIZED_AUTOS = YES_AGGRESSIVE;
				GCC_WARN_UNUSED_FUNCTION = YES;
				GCC_WARN_UNUSED_VARIABLE = YES;
				IPHONEOS_DEPLOYMENT_TARGET = 12.1;
				MTL_ENABLE_DEBUG_INFO = NO;
				MTL_FAST_MATH = YES;
				OTHER_SWIFT_FLAGS = "";
				SDKROOT = iphoneos;
				SWIFT_COMPILATION_MODE = wholemodule;
				SWIFT_OPTIMIZATION_LEVEL = "-O";
				VALIDATE_PRODUCT = YES;
			};
			name = Release;
		};
		9AF4FE8021FB61E8006DDD17 /* Debug */ = {
			isa = XCBuildConfiguration;
			baseConfigurationReference = 2A463B659F88DCC9B233CF6B /* Pods-iOSCodingChallenge.debug.xcconfig */;
			buildSettings = {
				ASSETCATALOG_COMPILER_APPICON_NAME = AppIcon;
				CLANG_ENABLE_MODULES = YES;
				CODE_SIGN_IDENTITY = "iPhone Developer";
				CODE_SIGN_STYLE = Automatic;
				DEFINES_MODULE = YES;
				DEVELOPMENT_TEAM = ZQU86K7YHS;
				INFOPLIST_FILE = "$(SRCROOT)/iOSCodingChallenge/Resources/Info.plist";
				LD_RUNPATH_SEARCH_PATHS = (
					"$(inherited)",
					"@executable_path/Frameworks",
				);
				OTHER_SWIFT_FLAGS = "-enable-bridging-pch";
				PRODUCT_BUNDLE_IDENTIFIER = com.emon.iOSCodingChallenge;
				PRODUCT_NAME = "$(TARGET_NAME)";
				PROVISIONING_PROFILE_SPECIFIER = "";
				SWIFT_OBJC_BRIDGING_HEADER = "iOSCodingChallenge/Controllers/iOSCodingChallenge-Bridging-Header.h";
				SWIFT_OPTIMIZATION_LEVEL = "-Onone";
				SWIFT_VERSION = 4.2;
				TARGETED_DEVICE_FAMILY = "1,2";
			};
			name = Debug;
		};
		9AF4FE8121FB61E8006DDD17 /* Release */ = {
			isa = XCBuildConfiguration;
			baseConfigurationReference = CD7F0AF878C1ECC32B1EF57E /* Pods-iOSCodingChallenge.release.xcconfig */;
			buildSettings = {
				ASSETCATALOG_COMPILER_APPICON_NAME = AppIcon;
				CLANG_ENABLE_MODULES = YES;
				CODE_SIGN_IDENTITY = "iPhone Developer";
				CODE_SIGN_STYLE = Automatic;
				DEFINES_MODULE = YES;
				DEVELOPMENT_TEAM = ZQU86K7YHS;
				INFOPLIST_FILE = "$(SRCROOT)/iOSCodingChallenge/Resources/Info.plist";
				LD_RUNPATH_SEARCH_PATHS = (
					"$(inherited)",
					"@executable_path/Frameworks",
				);
				OTHER_SWIFT_FLAGS = "-enable-bridging-pch";
				PRODUCT_BUNDLE_IDENTIFIER = com.emon.iOSCodingChallenge;
				PRODUCT_NAME = "$(TARGET_NAME)";
				PROVISIONING_PROFILE_SPECIFIER = "";
				SWIFT_OBJC_BRIDGING_HEADER = "iOSCodingChallenge/Controllers/iOSCodingChallenge-Bridging-Header.h";
				SWIFT_VERSION = 4.2;
				TARGETED_DEVICE_FAMILY = "1,2";
			};
			name = Release;
		};
		9AF4FE8321FB61E8006DDD17 /* Debug */ = {
			isa = XCBuildConfiguration;
			baseConfigurationReference = 77A82EFAA9113C16B0018963 /* Pods-iOSCodingChallengeTests.debug.xcconfig */;
			buildSettings = {
				ALWAYS_EMBED_SWIFT_STANDARD_LIBRARIES = YES;
				BUNDLE_LOADER = "$(TEST_HOST)";
				CODE_SIGN_STYLE = Automatic;
				DEVELOPMENT_TEAM = ZQU86K7YHS;
				INFOPLIST_FILE = iOSCodingChallengeTests/Info.plist;
				LD_RUNPATH_SEARCH_PATHS = (
					"$(inherited)",
					"@executable_path/Frameworks",
					"@loader_path/Frameworks",
				);
				PRODUCT_BUNDLE_IDENTIFIER = com.emon.iOSCodingChallengeTests;
				PRODUCT_NAME = "$(TARGET_NAME)";
				SWIFT_VERSION = 4.2;
				TARGETED_DEVICE_FAMILY = "1,2";
				TEST_HOST = "$(BUILT_PRODUCTS_DIR)/iOSCodingChallenge.app/iOSCodingChallenge";
			};
			name = Debug;
		};
		9AF4FE8421FB61E8006DDD17 /* Release */ = {
			isa = XCBuildConfiguration;
			baseConfigurationReference = 1E8BC0F2FBFDD6F5C79FCC86 /* Pods-iOSCodingChallengeTests.release.xcconfig */;
			buildSettings = {
				ALWAYS_EMBED_SWIFT_STANDARD_LIBRARIES = YES;
				BUNDLE_LOADER = "$(TEST_HOST)";
				CODE_SIGN_STYLE = Automatic;
				DEVELOPMENT_TEAM = ZQU86K7YHS;
				INFOPLIST_FILE = iOSCodingChallengeTests/Info.plist;
				LD_RUNPATH_SEARCH_PATHS = (
					"$(inherited)",
					"@executable_path/Frameworks",
					"@loader_path/Frameworks",
				);
				PRODUCT_BUNDLE_IDENTIFIER = com.emon.iOSCodingChallengeTests;
				PRODUCT_NAME = "$(TARGET_NAME)";
				SWIFT_VERSION = 4.2;
				TARGETED_DEVICE_FAMILY = "1,2";
				TEST_HOST = "$(BUILT_PRODUCTS_DIR)/iOSCodingChallenge.app/iOSCodingChallenge";
			};
			name = Release;
		};
/* End XCBuildConfiguration section */

/* Begin XCConfigurationList section */
		9AF4FE5B21FB61E4006DDD17 /* Build configuration list for PBXProject "iOSCodingChallenge" */ = {
			isa = XCConfigurationList;
			buildConfigurations = (
				9AF4FE7D21FB61E8006DDD17 /* Debug */,
				9AF4FE7E21FB61E8006DDD17 /* Release */,
			);
			defaultConfigurationIsVisible = 0;
			defaultConfigurationName = Release;
		};
		9AF4FE7F21FB61E8006DDD17 /* Build configuration list for PBXNativeTarget "iOSCodingChallenge" */ = {
			isa = XCConfigurationList;
			buildConfigurations = (
				9AF4FE8021FB61E8006DDD17 /* Debug */,
				9AF4FE8121FB61E8006DDD17 /* Release */,
			);
			defaultConfigurationIsVisible = 0;
			defaultConfigurationName = Release;
		};
		9AF4FE8221FB61E8006DDD17 /* Build configuration list for PBXNativeTarget "iOSCodingChallengeTests" */ = {
			isa = XCConfigurationList;
			buildConfigurations = (
				9AF4FE8321FB61E8006DDD17 /* Debug */,
				9AF4FE8421FB61E8006DDD17 /* Release */,
			);
			defaultConfigurationIsVisible = 0;
			defaultConfigurationName = Release;
		};
/* End XCConfigurationList section */
	};
	rootObject = 9AF4FE5821FB61E4006DDD17 /* Project object */;
}
